lock_version: 1
kit_version: 0.1.0
config_version: 1
installed_at: '2026-07-10T00:00:00Z'
synced_at: '2026-07-11T14:25:23Z'
footprint_digest: sha256:18d0e52f7df20f94c2dbed78ef7610c5a154bf1c4d89a102019922791e5c1917
footprint:
- path: .cursor/rules/governance-sync.mdc
  source: cursor/rules/governance-sync.mdc
  sha256: d0b5c4111ed84c455aa1063b55cfa41dc328fda4a85afa2ff2702c63a0e85cd5
- path: .cursor/rules/no-docs-only-pr-to-main.mdc
  source: cursor/rules/no-docs-only-pr-to-main.mdc
  sha256: 90b87da8ec1f6dfac079bab72ba5621161410f45999e0510d47bfe26ec0a09da
- path: .cursor/rules/tier-authority.mdc
  source: cursor/rules/tier-authority.mdc
  sha256: 2877429b54c36593f1dcd835375e2c7c21d38673fca4430f9e63d3bebca3b08e
- path: .cursor/skills/freeze-review/SKILL.md
  source: cursor/skills/freeze-review/SKILL.md
  sha256: 3fb3946c62fd770ade353cd75b99f4ddf03453f4545c4c86eefc6dfe6e5b1269
- path: .cursor/skills/governance-sync/SKILL.md
  source: cursor/skills/governance-sync/SKILL.md
  sha256: 63d2b377e4fdfa09298e9ff5a02cd74a8466ab44916cff4a08b11a859bcfd7cc
- path: .overseer/STANDING-DECISIONS.reference.md
  source: templates/STANDING-DECISIONS.template.md
  sha256: 7ddd1efc56e893aaf14d758e0c715f37b27b6afb0bf87ef062a4877cdbfb2670
- path: .overseer/policy/model-labels.yaml
  source: policy/model-labels.yaml
  sha256: a239e211085efa3f77671a627b9dc0fba2717fb23466f3454f67f96f65a71241
- path: .overseer/policy/test-tiers.yaml
  source: policy/test-tiers.yaml
  sha256: 55b337e9399ccd26f4c70dba9f6f57c1359fab930a522e605cbe52d3533238d8
- path: .overseer/policy/tiers.yaml
  source: policy/tiers.yaml
  sha256: 4b2cb197554cb63f3e05b7553acd2f417ef37f4a993c1ff3b2247869e2a5db64
- path: MUSE-BRIDGE-WORKFLOW.md
  source: templates/MUSE-BRIDGE-WORKFLOW.template.md
  sha256: 08f1f73e8cb579210f05aea944928a0e7b2a6ae4ced3a4d42df7bab21543dcc2
- path: docs/OVERSEER-HANDOVER.md
  source: templates/OVERSEER-HANDOVER.template.md
  sha256: 2f0def59002654640db32e134935cfe10708dd9037cef994e26f2e42d998a65b
- path: docs/ROADMAP.md
  source: templates/ROADMAP.template.md
  sha256: 4e341a5af4d143806de0fc3d13717167554ef166a9fdf45a4508ba5fbba31677
- path: scripts/muse-bridge-deploy.sh
  source: templates/scripts/muse-bridge-deploy.sh.template
  sha256: f3f8fa895a5dba95af5b4fa1f212fe441c6a8746a6916fb49fc81dcaae0c00dd
